
Microsoft Visual Studio Solution File, Format Version 12.00
# Visual Studio Version 16
VisualStudioVersion = 16.0.31005.135
MinimumVisualStudioVersion = 10.0.40219.1
Project("{FAE04EC0-301F-11D3-BF4B-00C04F79EFBC}") = "Northwind.Entities", "Northwind.Entities\Northwind.Entities.csproj", "{EDE6C83F-AD20-4AA1-8698-CC50508FE772}"
EndProject
Project("{FAE04EC0-301F-11D3-BF4B-00C04F79EFBC}") = "Northwind.DataAccess", "Northwind.DataAccess\Northwind.DataAccess.csproj", "{284D08CD-4757-4F13-8552-7AF20738C076}"
EndProject
Project("{FAE04EC0-301F-11D3-BF4B-00C04F79EFBC}") = "Northwind.Business", "Northwind.Business\Northwind.Business.csproj", "{FE91009D-5B1B-428E-A775-B7D1C9DD2A1B}"
EndProject
Project("{FAE04EC0-301F-11D3-BF4B-00C04F79EFBC}") = "Northwind.WebFormsUI", "Northwind.WebFormsUI\Northwind.WebFormsUI.csproj", "{EF5409A1-E084-4A50-9437-AE00A9869793}"
EndProject
Global
	GlobalSection(SolutionConfigurationPlatforms) = preSolution
		Debug|Any CPU = Debug|Any CPU
		Release|Any CPU = Release|Any CPU
	EndGlobalSection
	GlobalSection(ProjectConfigurationPlatforms) = postSolution
		{EDE6C83F-AD20-4AA1-8698-CC50508FE772}.Debug|Any CPU.ActiveCfg = Debug|Any CPU
		{EDE6C83F-AD20-4AA1-8698-CC50508FE772}.Debug|Any CPU.Build.0 = Debug|Any CPU
		{EDE6C83F-AD20-4AA1-8698-CC50508FE772}.Release|Any CPU.ActiveCfg = Release|Any CPU
		{EDE6C83F-AD20-4AA1-8698-CC50508FE772}.Release|Any CPU.Build.0 = Release|Any CPU
		{284D08CD-4757-4F13-8552-7AF20738C076}.Debug|Any CPU.ActiveCfg = Debug|Any CPU
		{284D08CD-4757-4F13-8552-7AF20738C076}.Debug|Any CPU.Build.0 = Debug|Any CPU
		{284D08CD-4757-4F13-8552-7AF20738C076}.Release|Any CPU.ActiveCfg = Release|Any CPU
		{284D08CD-4757-4F13-8552-7AF20738C076}.Release|Any CPU.Build.0 = Release|Any CPU
		{FE91009D-5B1B-428E-A775-B7D1C9DD2A1B}.Debug|Any CPU.ActiveCfg = Debug|Any CPU
		{FE91009D-5B1B-428E-A775-B7D1C9DD2A1B}.Debug|Any CPU.Build.0 = Debug|Any CPU
		{FE91009D-5B1B-428E-A775-B7D1C9DD2A1B}.Release|Any CPU.ActiveCfg = Release|Any CPU
		{FE91009D-5B1B-428E-A775-B7D1C9DD2A1B}.Release|Any CPU.Build.0 = Release|Any CPU
		{EF5409A1-E084-4A50-9437-AE00A9869793}.Debug|Any CPU.ActiveCfg = Debug|Any CPU
		{EF5409A1-E084-4A50-9437-AE00A9869793}.Debug|Any CPU.Build.0 = Debug|Any CPU
		{EF5409A1-E084-4A50-9437-AE00A9869793}.Release|Any CPU.ActiveCfg = Release|Any CPU
		{EF5409A1-E084-4A50-9437-AE00A9869793}.Release|Any CPU.Build.0 = Release|Any CPU
	EndGlobalSection
	GlobalSection(SolutionProperties) = preSolution
		HideSolutionNode = FALSE
	EndGlobalSection
	GlobalSection(ExtensibilityGlobals) = postSolution
		SolutionGuid = {C26A1A09-42C2-47A3-B3AD-E5174B780FBB}
	EndGlobalSection
EndGlobal
